// !$*UTF8*$!
{
	archiveVersion = 1;
	classes = {
	};
	objectVersion = 52;
	objects = {

/* Begin PBXBuildFile section */
		4D42EA9726B02DB60055D38B /* SettingsPresenterTest.swift in Sources */ = {isa = PBXBuildFile; fileRef = 4D42EA9626B02DB60055D38B /* SettingsPresenterTest.swift */; };
		4D42EA9926B031B90055D38B /* AboutUsPresenterTest.swift in Sources */ = {isa = PBXBuildFile; fileRef = 4D42EA9826B031B90055D38B /* AboutUsPresenterTest.swift */; };
		4D42EA9B26B03AED0055D38B /* DataServiceTest.swift in Sources */ = {isa = PBXBuildFile; fileRef = 4D42EA9A26B03AED0055D38B /* DataServiceTest.swift */; };
		4D58838C26B48337002AFA51 /* MockNetworkService.swift in Sources */ = {isa = PBXBuildFile; fileRef = 4D58838B26B48337002AFA51 /* MockNetworkService.swift */; };
		4D58838E26B483FD002AFA51 /* BaseViewController.swift in Sources */ = {isa = PBXBuildFile; fileRef = 4D58838D26B483FD002AFA51 /* BaseViewController.swift */; };
		4D742AF6269ADDA2009CDA12 /* Constants.swift in Sources */ = {isa = PBXBuildFile; fileRef = 4D742AF5269ADDA2009CDA12 /* Constants.swift */; };
		4D742AF8269AF462009CDA12 /* NetworkError.swift in Sources */ = {isa = PBXBuildFile; fileRef = 4D742AF7269AF462009CDA12 /* NetworkError.swift */; };
		4D7835362698BF0B002FDB19 /* ProfileViewController.swift in Sources */ = {isa = PBXBuildFile; fileRef = 4D7835352698BF0B002FDB19 /* ProfileViewController.swift */; };
		4D78452E2699B9FF00C274BB /* AboutUsViewController.swift in Sources */ = {isa = PBXBuildFile; fileRef = 4D78452D2699B9FF00C274BB /* AboutUsViewController.swift */; };
		4D7BC582268C896A008CD301 /* Lesson+CoreDataClass.swift in Sources */ = {isa = PBXBuildFile; fileRef = 4D7BC57E268C896A008CD301 /* Lesson+CoreDataClass.swift */; };
		4D7BC583268C896A008CD301 /* Lesson+CoreDataProperties.swift in Sources */ = {isa = PBXBuildFile; fileRef = 4D7BC57F268C896A008CD301 /* Lesson+CoreDataProperties.swift */; };
		4D7BC584268C896A008CD301 /* Word+CoreDataClass.swift in Sources */ = {isa = PBXBuildFile; fileRef = 4D7BC580268C896A008CD301 /* Word+CoreDataClass.swift */; };
		4D7BC585268C896A008CD301 /* Word+CoreDataProperties.swift in Sources */ = {isa = PBXBuildFile; fileRef = 4D7BC581268C896A008CD301 /* Word+CoreDataProperties.swift */; };
		4D935D22269B983300906B62 /* UIButton+Extension.swift in Sources */ = {isa = PBXBuildFile; fileRef = 4D935D21269B983300906B62 /* UIButton+Extension.swift */; };
		4D935D4A269C740B00906B62 /* CardsPresenter.swift in Sources */ = {isa = PBXBuildFile; fileRef = 4D935D49269C740B00906B62 /* CardsPresenter.swift */; };
		4D935D4D269C74AC00906B62 /* SliderPresenter.swift in Sources */ = {isa = PBXBuildFile; fileRef = 4D935D4C269C74AC00906B62 /* SliderPresenter.swift */; };
		4D935D53269C754400906B62 /* TrainingPresenter.swift in Sources */ = {isa = PBXBuildFile; fileRef = 4D935D52269C754400906B62 /* TrainingPresenter.swift */; };
		4D935D55269C756100906B62 /* Assembly.swift in Sources */ = {isa = PBXBuildFile; fileRef = 4D935D54269C756100906B62 /* Assembly.swift */; };
		4D935D60269C76FE00906B62 /* SettingsPresenter.swift in Sources */ = {isa = PBXBuildFile; fileRef = 4D935D5F269C76FE00906B62 /* SettingsPresenter.swift */; };
		4D935D70269C784300906B62 /* AboutUsPresenter.swift in Sources */ = {isa = PBXBuildFile; fileRef = 4D935D6F269C784300906B62 /* AboutUsPresenter.swift */; };
		4D935D78269C79B600906B62 /* ProfilePresenter.swift in Sources */ = {isa = PBXBuildFile; fileRef = 4D935D77269C79B600906B62 /* ProfilePresenter.swift */; };
		4D935DD9269DB51600906B62 /* RouterProtocol.swift in Sources */ = {isa = PBXBuildFile; fileRef = 4D935DD8269DB51600906B62 /* RouterProtocol.swift */; };
		4D935DEC269EC6DA00906B62 /* StartRouter.swift in Sources */ = {isa = PBXBuildFile; fileRef = 4D935DEB269EC6DA00906B62 /* StartRouter.swift */; };
		4D935DEF269F228200906B62 /* SliderRouterProtocol.swift in Sources */ = {isa = PBXBuildFile; fileRef = 4D935DEE269F228200906B62 /* SliderRouterProtocol.swift */; };
		4D935DF1269F23DF00906B62 /* SliderRouter.swift in Sources */ = {isa = PBXBuildFile; fileRef = 4D935DF0269F23DF00906B62 /* SliderRouter.swift */; };
		4D935DFB26A00CBF00906B62 /* MenuRouterProtocol.swift in Sources */ = {isa = PBXBuildFile; fileRef = 4D935DFA26A00CBF00906B62 /* MenuRouterProtocol.swift */; };
		4D935DFD26A00CC600906B62 /* MenuRouter.swift in Sources */ = {isa = PBXBuildFile; fileRef = 4D935DFC26A00CC600906B62 /* MenuRouter.swift */; };
		4D935E0326A02EA700906B62 /* Fail-sound.mp3 in Resources */ = {isa = PBXBuildFile; fileRef = 4D935E0226A02EA700906B62 /* Fail-sound.mp3 */; };
		4D935E0526A02EEF00906B62 /* rightAnswer.wav in Resources */ = {isa = PBXBuildFile; fileRef = 4D935E0426A02EEF00906B62 /* rightAnswer.wav */; };
		4D935E0826A03F8400906B62 /* ProfileRouterProtocol.swift in Sources */ = {isa = PBXBuildFile; fileRef = 4D935E0726A03F8300906B62 /* ProfileRouterProtocol.swift */; };
		4D935E0A26A03F8F00906B62 /* ProfileRouter.swift in Sources */ = {isa = PBXBuildFile; fileRef = 4D935E0926A03F8F00906B62 /* ProfileRouter.swift */; };
		4D935E0E26A0591E00906B62 /* DataService.swift in Sources */ = {isa = PBXBuildFile; fileRef = 4D935E0D26A0591E00906B62 /* DataService.swift */; };
		4D935E5A26A2C43300906B62 /* NetworkServiceTest.swift in Sources */ = {isa = PBXBuildFile; fileRef = 4D935E5926A2C43300906B62 /* NetworkServiceTest.swift */; };
		4D935E5E26A2ED2C00906B62 /* MenuRouterTest.swift in Sources */ = {isa = PBXBuildFile; fileRef = 4D935E5D26A2ED2C00906B62 /* MenuRouterTest.swift */; };
		4D935E6226A2F2E900906B62 /* ProfileRouterTest.swift in Sources */ = {isa = PBXBuildFile; fileRef = 4D935E6126A2F2E900906B62 /* ProfileRouterTest.swift */; };
		4D935E6426A2FC6500906B62 /* SliderRouterTest.swift in Sources */ = {isa = PBXBuildFile; fileRef = 4D935E6326A2FC6500906B62 /* SliderRouterTest.swift */; };
		4D935E6626A48E1C00906B62 /* CardsPresenterTest.swift in Sources */ = {isa = PBXBuildFile; fileRef = 4D935E6526A48E1C00906B62 /* CardsPresenterTest.swift */; };
		4D935E6826A48E4100906B62 /* SliderPresenterTest.swift in Sources */ = {isa = PBXBuildFile; fileRef = 4D935E6726A48E4100906B62 /* SliderPresenterTest.swift */; };
		4D935E7A26A5741400906B62 /* LoginPage.swift in Sources */ = {isa = PBXBuildFile; fileRef = 4D935E7926A5741400906B62 /* LoginPage.swift */; };
		4D935E7E26A5791500906B62 /*  XCUIApplication+Extension.swift in Sources */ = {isa = PBXBuildFile; fileRef = 4D935E7D26A5791500906B62 /*  XCUIApplication+Extension.swift */; };
		4D935E8426A57A0F00906B62 /* LoginUITest.swift in Sources */ = {isa = PBXBuildFile; fileRef = 4D935E8326A57A0F00906B62 /* LoginUITest.swift */; };
		4D935EE326A976DB00906B62 /* WordDTO.swift in Sources */ = {isa = PBXBuildFile; fileRef = 4D935EE226A976DB00906B62 /* WordDTO.swift */; };
		4D935EE526A976EF00906B62 /* LessonDTO.swift in Sources */ = {isa = PBXBuildFile; fileRef = 4D935EE426A976EF00906B62 /* LessonDTO.swift */; };
		4D935EE726AAA6B400906B62 /* CoreDataService.swift in Sources */ = {isa = PBXBuildFile; fileRef = 4D935EE626AAA6B400906B62 /* CoreDataService.swift */; };
		4D935EE926AB727C00906B62 /* DIContainer.swift in Sources */ = {isa = PBXBuildFile; fileRef = 4D935EE826AB727C00906B62 /* DIContainer.swift */; };
		4D935EEB26AC150C00906B62 /* CoreDataError.swift in Sources */ = {isa = PBXBuildFile; fileRef = 4D935EEA26AC150C00906B62 /* CoreDataError.swift */; };
		4D935EFD26AC776E00906B62 /* SnapshotTest.swift in Sources */ = {isa = PBXBuildFile; fileRef = 4D935EFC26AC776E00906B62 /* SnapshotTest.swift */; };
		4D935EFE26ACB40D00906B62 /* CardsPresenter.swift in Sources */ = {isa = PBXBuildFile; fileRef = 4D935D49269C740B00906B62 /* CardsPresenter.swift */; };
		4D935EFF26ACB41900906B62 /* StartRouter.swift in Sources */ = {isa = PBXBuildFile; fileRef = 4D935DEB269EC6DA00906B62 /* StartRouter.swift */; };
		4D935F0026ACB42100906B62 /* CardsTableViewCell.swift in Sources */ = {isa = PBXBuildFile; fileRef = 970BBC9A2691F7BF008EFDEB /* CardsTableViewCell.swift */; };
		4D935F0126ACB42300906B62 /* CardsViewController.swift in Sources */ = {isa = PBXBuildFile; fileRef = 9734ADFD267A24A7006BCF52 /* CardsViewController.swift */; };
		4D935F0226ACB42700906B62 /* MenuRouterProtocol.swift in Sources */ = {isa = PBXBuildFile; fileRef = 4D935DFA26A00CBF00906B62 /* MenuRouterProtocol.swift */; };
		4D935F0326ACB42A00906B62 /* MenuRouter.swift in Sources */ = {isa = PBXBuildFile; fileRef = 4D935DFC26A00CC600906B62 /* MenuRouter.swift */; };
		4D935F0426ACB43000906B62 /* SliderViewController.swift in Sources */ = {isa = PBXBuildFile; fileRef = 9734ADD42679D16F006BCF52 /* SliderViewController.swift */; };
		4D935F0526ACB43300906B62 /* SliderCollectionViewCell.swift in Sources */ = {isa = PBXBuildFile; fileRef = 9734ADE92679D3B0006BCF52 /* SliderCollectionViewCell.swift */; };
		4D935F0626ACB43600906B62 /* SliderCollectionViewLayout.swift in Sources */ = {isa = PBXBuildFile; fileRef = 9734ADEC2679D3C7006BCF52 /* SliderCollectionViewLayout.swift */; };
		4D935F0726ACB43A00906B62 /* SliderPresenter.swift in Sources */ = {isa = PBXBuildFile; fileRef = 4D935D4C269C74AC00906B62 /* SliderPresenter.swift */; };
		4D935F0826ACB43E00906B62 /* SliderRouterProtocol.swift in Sources */ = {isa = PBXBuildFile; fileRef = 4D935DEE269F228200906B62 /* SliderRouterProtocol.swift */; };
		4D935F0926ACB44100906B62 /* SliderRouter.swift in Sources */ = {isa = PBXBuildFile; fileRef = 4D935DF0269F23DF00906B62 /* SliderRouter.swift */; };
		4D935F0A26ACB44800906B62 /* SettingsViewController.swift in Sources */ = {isa = PBXBuildFile; fileRef = 971421292696DC9700467C83 /* SettingsViewController.swift */; };
		4D935F0B26ACB44B00906B62 /* SettingsTableViewCell.swift in Sources */ = {isa = PBXBuildFile; fileRef = 9714212C2696DCB400467C83 /* SettingsTableViewCell.swift */; };
		4D935F0C26ACB44F00906B62 /* SettingsPresenter.swift in Sources */ = {isa = PBXBuildFile; fileRef = 4D935D5F269C76FE00906B62 /* SettingsPresenter.swift */; };
		4D935F0D26ACB45800906B62 /* TrainingViewController.swift in Sources */ = {isa = PBXBuildFile; fileRef = 970BBC8826903487008EFDEB /* TrainingViewController.swift */; };
		4D935F0E26ACB45B00906B62 /* TrainingCollectionViewCell.swift in Sources */ = {isa = PBXBuildFile; fileRef = 970BBC8F2690A82A008EFDEB /* TrainingCollectionViewCell.swift */; };
		4D935F0F26ACB45F00906B62 /* TrainingCollectionViewLayout.swift in Sources */ = {isa = PBXBuildFile; fileRef = 970BBC8C2690A6F2008EFDEB /* TrainingCollectionViewLayout.swift */; };
		4D935F1026ACB46200906B62 /* WorkoutViewController.swift in Sources */ = {isa = PBXBuildFile; fileRef = 970BBC80268EFC86008EFDEB /* WorkoutViewController.swift */; };
		4D935F1126ACB47D00906B62 /* TrainingPresenter.swift in Sources */ = {isa = PBXBuildFile; fileRef = 4D935D52269C754400906B62 /* TrainingPresenter.swift */; };
		4D935F1226ACB48500906B62 /* ProfileViewController.swift in Sources */ = {isa = PBXBuildFile; fileRef = 4D7835352698BF0B002FDB19 /* ProfileViewController.swift */; };
		4D935F1326ACB48800906B62 /* ProfilePresenter.swift in Sources */ = {isa = PBXBuildFile; fileRef = 4D935D77269C79B600906B62 /* ProfilePresenter.swift */; };
		4D935F1426ACB48D00906B62 /* ProfileRouterProtocol.swift in Sources */ = {isa = PBXBuildFile; fileRef = 4D935E0726A03F8300906B62 /* ProfileRouterProtocol.swift */; };
		4D935F1526ACB49100906B62 /* ProfileRouter.swift in Sources */ = {isa = PBXBuildFile; fileRef = 4D935E0926A03F8F00906B62 /* ProfileRouter.swift */; };
		4D935F1626ACB49600906B62 /* AboutUsViewController.swift in Sources */ = {isa = PBXBuildFile; fileRef = 4D78452D2699B9FF00C274BB /* AboutUsViewController.swift */; };
		4D935F1726ACB49A00906B62 /* AboutUsPresenter.swift in Sources */ = {isa = PBXBuildFile; fileRef = 4D935D6F269C784300906B62 /* AboutUsPresenter.swift */; };
		4D935F1826ACB49F00906B62 /* NetworkService.swift in Sources */ = {isa = PBXBuildFile; fileRef = 4DEEC5702685F41B0017D77B /* NetworkService.swift */; };
		4D935F1926ACB4A100906B62 /* DataService.swift in Sources */ = {isa = PBXBuildFile; fileRef = 4D935E0D26A0591E00906B62 /* DataService.swift */; };
		4D935F1A26ACB4A400906B62 /* CoreDataService.swift in Sources */ = {isa = PBXBuildFile; fileRef = 4D935EE626AAA6B400906B62 /* CoreDataService.swift */; };
		4D935F1B26ACB4A900906B62 /* UIButton+Extension.swift in Sources */ = {isa = PBXBuildFile; fileRef = 4D935D21269B983300906B62 /* UIButton+Extension.swift */; };
		4D935F1C26ACB4AC00906B62 /* NetworkError.swift in Sources */ = {isa = PBXBuildFile; fileRef = 4D742AF7269AF462009CDA12 /* NetworkError.swift */; };
		4D935F1D26ACB4AF00906B62 /* CoreDataError.swift in Sources */ = {isa = PBXBuildFile; fileRef = 4D935EEA26AC150C00906B62 /* CoreDataError.swift */; };
		4D935F1F26ACB4B500906B62 /* Constants.swift in Sources */ = {isa = PBXBuildFile; fileRef = 4D742AF5269ADDA2009CDA12 /* Constants.swift */; };
		4D935F2026ACB4B800906B62 /* SpinnerViewController.swift in Sources */ = {isa = PBXBuildFile; fileRef = 970BBC72268EEEFF008EFDEB /* SpinnerViewController.swift */; };
		4D935F2126ACB4BA00906B62 /* BaseViewContoller.swift in Sources */ = {isa = PBXBuildFile; fileRef = 970BBC75268EEF57008EFDEB /* BaseViewContoller.swift */; };
		4D935F2226ACB4BD00906B62 /* RouterProtocol.swift in Sources */ = {isa = PBXBuildFile; fileRef = 4D935DD8269DB51600906B62 /* RouterProtocol.swift */; };
		4D935F2326ACB56B00906B62 /* CoreDataStack.swift in Sources */ = {isa = PBXBuildFile; fileRef = 4DEEC61B268751940017D77B /* CoreDataStack.swift */; };
		4D935F2426ACB56D00906B62 /* Lesson+CoreDataClass.swift in Sources */ = {isa = PBXBuildFile; fileRef = 4D7BC57E268C896A008CD301 /* Lesson+CoreDataClass.swift */; };
		4D935F2526ACB57000906B62 /* Lesson+CoreDataProperties.swift in Sources */ = {isa = PBXBuildFile; fileRef = 4D7BC57F268C896A008CD301 /* Lesson+CoreDataProperties.swift */; };
		4D935F2626ACB57300906B62 /* Word+CoreDataClass.swift in Sources */ = {isa = PBXBuildFile; fileRef = 4D7BC580268C896A008CD301 /* Word+CoreDataClass.swift */; };
		4D935F2726ACB57600906B62 /* Word+CoreDataProperties.swift in Sources */ = {isa = PBXBuildFile; fileRef = 4D7BC581268C896A008CD301 /* Word+CoreDataProperties.swift */; };
		4D935F2826ACB57A00906B62 /* Lessons.xcdatamodeld in Sources */ = {isa = PBXBuildFile; fileRef = 4DEEC610268742DC0017D77B /* Lessons.xcdatamodeld */; };
		4D935F2A26ACB58200906B62 /* WordDTO.swift in Sources */ = {isa = PBXBuildFile; fileRef = 4D935EE226A976DB00906B62 /* WordDTO.swift */; };
		4D935F2B26ACB58500906B62 /* LessonDTO.swift in Sources */ = {isa = PBXBuildFile; fileRef = 4D935EE426A976EF00906B62 /* LessonDTO.swift */; };
		4D935F2C26ACB59E00906B62 /* Assembly.swift in Sources */ = {isa = PBXBuildFile; fileRef = 4D935D54269C756100906B62 /* Assembly.swift */; };
		4D935F2F26ACB93B00906B62 /* SnapshotTesting in Frameworks */ = {isa = PBXBuildFile; productRef = 4D935F2E26ACB93B00906B62 /* SnapshotTesting */; };
		4D935F3426ACC72200906B62 /* MockCoreDataStack.swift in Sources */ = {isa = PBXBuildFile; fileRef = 4D935F3326ACC72200906B62 /* MockCoreDataStack.swift */; };
		4D935F3A26AD797B00906B62 /* DIContainer.swift in Sources */ = {isa = PBXBuildFile; fileRef = 4D935EE826AB727C00906B62 /* DIContainer.swift */; };
		4D935F3D26AD7B0C00906B62 /* MockNavigationController.swift in Sources */ = {isa = PBXBuildFile; fileRef = 4D935F3C26AD7B0C00906B62 /* MockNavigationController.swift */; };
		4D935F4426AD7E4600906B62 /* CoreDataServiceTest.swift in Sources */ = {isa = PBXBuildFile; fileRef = 4D935F4326AD7E4600906B62 /* CoreDataServiceTest.swift */; };
		4D935F4726AD7E7E00906B62 /* MockCoreDataService.swift in Sources */ = {isa = PBXBuildFile; fileRef = 4D935F4626AD7E7E00906B62 /* MockCoreDataService.swift */; };
		4D935F4926AEE7B500906B62 /* NetworkServiceProtocol.swift in Sources */ = {isa = PBXBuildFile; fileRef = 4D935F4826AEE7B500906B62 /* NetworkServiceProtocol.swift */; };
		4D935F4B26AEF08900906B62 /* DataServiceProtocol.swift in Sources */ = {isa = PBXBuildFile; fileRef = 4D935F4A26AEF08900906B62 /* DataServiceProtocol.swift */; };
		4D935F4D26AEF0F700906B62 /* CoreDataServiceProtocol.swift in Sources */ = {isa = PBXBuildFile; fileRef = 4D935F4C26AEF0F700906B62 /* CoreDataServiceProtocol.swift */; };
		4D935F4E26AF042100906B62 /* NetworkServiceProtocol.swift in Sources */ = {isa = PBXBuildFile; fileRef = 4D935F4826AEE7B500906B62 /* NetworkServiceProtocol.swift */; };
		4D935F4F26AF042C00906B62 /* CoreDataServiceProtocol.swift in Sources */ = {isa = PBXBuildFile; fileRef = 4D935F4C26AEF0F700906B62 /* CoreDataServiceProtocol.swift */; };
		4D935F5026AF043E00906B62 /* DataServiceProtocol.swift in Sources */ = {isa = PBXBuildFile; fileRef = 4D935F4A26AEF08900906B62 /* DataServiceProtocol.swift */; };
		4DEEC5712685F41B0017D77B /* NetworkService.swift in Sources */ = {isa = PBXBuildFile; fileRef = 4DEEC5702685F41B0017D77B /* NetworkService.swift */; };
		4DEEC612268742DC0017D77B /* Lessons.xcdatamodeld in Sources */ = {isa = PBXBuildFile; fileRef = 4DEEC610268742DC0017D77B /* Lessons.xcdatamodeld */; };
		4DEEC61C268751940017D77B /* CoreDataStack.swift in Sources */ = {isa = PBXBuildFile; fileRef = 4DEEC61B268751940017D77B /* CoreDataStack.swift */; };
		970BBC73268EEEFF008EFDEB /* SpinnerViewController.swift in Sources */ = {isa = PBXBuildFile; fileRef = 970BBC72268EEEFF008EFDEB /* SpinnerViewController.swift */; };
		970BBC76268EEF57008EFDEB /* BaseViewContoller.swift in Sources */ = {isa = PBXBuildFile; fileRef = 970BBC75268EEF57008EFDEB /* BaseViewContoller.swift */; };
		970BBC81268EFC86008EFDEB /* WorkoutViewController.swift in Sources */ = {isa = PBXBuildFile; fileRef = 970BBC80268EFC86008EFDEB /* WorkoutViewController.swift */; };
		970BBC8926903487008EFDEB /* TrainingViewController.swift in Sources */ = {isa = PBXBuildFile; fileRef = 970BBC8826903487008EFDEB /* TrainingViewController.swift */; };
		970BBC8D2690A6F2008EFDEB /* TrainingCollectionViewLayout.swift in Sources */ = {isa = PBXBuildFile; fileRef = 970BBC8C2690A6F2008EFDEB /* TrainingCollectionViewLayout.swift */; };
		970BBC902690A82A008EFDEB /* TrainingCollectionViewCell.swift in Sources */ = {isa = PBXBuildFile; fileRef = 970BBC8F2690A82A008EFDEB /* TrainingCollectionViewCell.swift */; };
		970BBC9B2691F7BF008EFDEB /* CardsTableViewCell.swift in Sources */ = {isa = PBXBuildFile; fileRef = 970BBC9A2691F7BF008EFDEB /* CardsTableViewCell.swift */; };
		9714212A2696DC9700467C83 /* SettingsViewController.swift in Sources */ = {isa = PBXBuildFile; fileRef = 971421292696DC9700467C83 /* SettingsViewController.swift */; };
		9714212D2696DCB400467C83 /* SettingsTableViewCell.swift in Sources */ = {isa = PBXBuildFile; fileRef = 9714212C2696DCB400467C83 /* SettingsTableViewCell.swift */; };
		9734ADD12679D16F006BCF52 /* AppDelegate.swift in Sources */ = {isa = PBXBuildFile; fileRef = 9734ADD02679D16F006BCF52 /* AppDelegate.swift */; };
		9734ADD52679D16F006BCF52 /* SliderViewController.swift in Sources */ = {isa = PBXBuildFile; fileRef = 9734ADD42679D16F006BCF52 /* SliderViewController.swift */; };
		9734ADDA2679D170006BCF52 /* Assets.xcassets in Resources */ = {isa = PBXBuildFile; fileRef = 9734ADD92679D170006BCF52 /* Assets.xcassets */; };
		9734ADDD2679D170006BCF52 /* LaunchScreen.storyboard in Resources */ = {isa = PBXBuildFile; fileRef = 9734ADDB2679D170006BCF52 /* LaunchScreen.storyboard */; };
		9734ADEA2679D3B0006BCF52 /* SliderCollectionViewCell.swift in Sources */ = {isa = PBXBuildFile; fileRef = 9734ADE92679D3B0006BCF52 /* SliderCollectionViewCell.swift */; };
		9734ADED2679D3C7006BCF52 /* SliderCollectionViewLayout.swift in Sources */ = {isa = PBXBuildFile; fileRef = 9734ADEC2679D3C7006BCF52 /* SliderCollectionViewLayout.swift */; };
		9734ADFE267A24A7006BCF52 /* CardsViewController.swift in Sources */ = {isa = PBXBuildFile; fileRef = 9734ADFD267A24A7006BCF52 /* CardsViewController.swift */; };
/* End PBXBuildFile section */

/* Begin PBXContainerItemProxy section */
		4D935E4C26A219BB00906B62 /* PBXContainerItemProxy */ = {
			isa = PBXContainerItemProxy;
			containerPortal = 9734ADC52679D16F006BCF52 /* Project object */;
			proxyType = 1;
			remoteGlobalIDString = 9734ADCC2679D16F006BCF52;
			remoteInfo = LearnEnglish;
		};
		4D935E7426A56EEA00906B62 /* PBXContainerItemProxy */ = {
			isa = PBXContainerItemProxy;
			containerPortal = 9734ADC52679D16F006BCF52 /* Project object */;
			proxyType = 1;
			remoteGlobalIDString = 9734ADCC2679D16F006BCF52;
			remoteInfo = LearnEnglish;
		};
		4D935EF526AC76E800906B62 /* PBXContainerItemProxy */ = {
			isa = PBXContainerItemProxy;
			containerPortal = 9734ADC52679D16F006BCF52 /* Project object */;
			proxyType = 1;
			remoteGlobalIDString = 9734ADCC2679D16F006BCF52;
			remoteInfo = LearnEnglish;
		};
/* End PBXContainerItemProxy section */

/* Begin PBXFileReference section */
		4D42EA9626B02DB60055D38B /* SettingsPresenterTest.swift */ = {isa = PBXFileReference; lastKnownFileType = sourcecode.swift; path = SettingsPresenterTest.swift; sourceTree = "<group>"; };
		4D42EA9826B031B90055D38B /* AboutUsPresenterTest.swift */ = {isa = PBXFileReference; lastKnownFileType = sourcecode.swift; path = AboutUsPresenterTest.swift; sourceTree = "<group>"; };
		4D42EA9A26B03AED0055D38B /* DataServiceTest.swift */ = {isa = PBXFileReference; lastKnownFileType = sourcecode.swift; path = DataServiceTest.swift; sourceTree = "<group>"; };
		4D58838B26B48337002AFA51 /* MockNetworkService.swift */ = {isa = PBXFileReference; lastKnownFileType = sourcecode.swift; path = MockNetworkService.swift; sourceTree = "<group>"; };
		4D58838D26B483FD002AFA51 /* BaseViewController.swift */ = {isa = PBXFileReference; lastKnownFileType = sourcecode.swift; path = BaseViewController.swift; sourceTree = "<group>"; };
		4D742AF5269ADDA2009CDA12 /* Constants.swift */ = {isa = PBXFileReference; lastKnownFileType = sourcecode.swift; path = Constants.swift; sourceTree = "<group>"; };
		4D742AF7269AF462009CDA12 /* NetworkError.swift */ = {isa = PBXFileReference; lastKnownFileType = sourcecode.swift; path = NetworkError.swift; sourceTree = "<group>"; };
		4D7835352698BF0B002FDB19 /* ProfileViewController.swift */ = {isa = PBXFileReference; lastKnownFileType = sourcecode.swift; path = ProfileViewController.swift; sourceTree = "<group>"; };
		4D78452D2699B9FF00C274BB /* AboutUsViewController.swift */ = {isa = PBXFileReference; lastKnownFileType = sourcecode.swift; path = AboutUsViewController.swift; sourceTree = "<group>"; };
		4D7BC57E268C896A008CD301 /* Lesson+CoreDataClass.swift */ = {isa = PBXFileReference; lastKnownFileType = sourcecode.swift; path = "Lesson+CoreDataClass.swift"; sourceTree = "<group>"; };
		4D7BC57F268C896A008CD301 /* Lesson+CoreDataProperties.swift */ = {isa = PBXFileReference; lastKnownFileType = sourcecode.swift; path = "Lesson+CoreDataProperties.swift"; sourceTree = "<group>"; };
		4D7BC580268C896A008CD301 /* Word+CoreDataClass.swift */ = {isa = PBXFileReference; lastKnownFileType = sourcecode.swift; path = "Word+CoreDataClass.swift"; sourceTree = "<group>"; };
		4D7BC581268C896A008CD301 /* Word+CoreDataProperties.swift */ = {isa = PBXFileReference; lastKnownFileType = sourcecode.swift; path = "Word+CoreDataProperties.swift"; sourceTree = "<group>"; };
		4D935D21269B983300906B62 /* UIButton+Extension.swift */ = {isa = PBXFileReference; lastKnownFileType = sourcecode.swift; path = "UIButton+Extension.swift"; sourceTree = "<group>"; };
		4D935D49269C740B00906B62 /* CardsPresenter.swift */ = {isa = PBXFileReference; lastKnownFileType = sourcecode.swift; path = CardsPresenter.swift; sourceTree = "<group>"; };
		4D935D4C269C74AC00906B62 /* SliderPresenter.swift */ = {isa = PBXFileReference; lastKnownFileType = sourcecode.swift; path = SliderPresenter.swift; sourceTree = "<group>"; };
		4D935D52269C754400906B62 /* TrainingPresenter.swift */ = {isa = PBXFileReference; lastKnownFileType = sourcecode.swift; path = TrainingPresenter.swift; sourceTree = "<group>"; };
		4D935D54269C756100906B62 /* Assembly.swift */ = {isa = PBXFileReference; lastKnownFileType = sourcecode.swift; path = Assembly.swift; sourceTree = "<group>"; };
		4D935D5F269C76FE00906B62 /* SettingsPresenter.swift */ = {isa = PBXFileReference; lastKnownFileType = sourcecode.swift; path = SettingsPresenter.swift; sourceTree = "<group>"; };
		4D935D6F269C784300906B62 /* AboutUsPresenter.swift */ = {isa = PBXFileReference; lastKnownFileType = sourcecode.swift; path = AboutUsPresenter.swift; sourceTree = "<group>"; };
		4D935D77269C79B600906B62 /* ProfilePresenter.swift */ = {isa = PBXFileReference; lastKnownFileType = sourcecode.swift; path = ProfilePresenter.swift; sourceTree = "<group>"; };
		4D935DD8269DB51600906B62 /* RouterProtocol.swift */ = {isa = PBXFileReference; lastKnownFileType = sourcecode.swift; path = RouterProtocol.swift; sourceTree = "<group>"; };
		4D935DEB269EC6DA00906B62 /* StartRouter.swift */ = {isa = PBXFileReference; lastKnownFileType = sourcecode.swift; path = StartRouter.swift; sourceTree = "<group>"; };
		4D935DEE269F228200906B62 /* SliderRouterProtocol.swift */ = {isa = PBXFileReference; lastKnownFileType = sourcecode.swift; path = SliderRouterProtocol.swift; sourceTree = "<group>"; };
		4D935DF0269F23DF00906B62 /* SliderRouter.swift */ = {isa = PBXFileReference; lastKnownFileType = sourcecode.swift; path = SliderRouter.swift; sourceTree = "<group>"; };
		4D935DFA26A00CBF00906B62 /* MenuRouterProtocol.swift */ = {isa = PBXFileReference; lastKnownFileType = sourcecode.swift; path = MenuRouterProtocol.swift; sourceTree = "<group>"; };
		4D935DFC26A00CC600906B62 /* MenuRouter.swift */ = {isa = PBXFileReference; lastKnownFileType = sourcecode.swift; path = MenuRouter.swift; sourceTree = "<group>"; };
		4D935E0226A02EA700906B62 /* Fail-sound.mp3 */ = {isa = PBXFileReference; lastKnownFileType = audio.mp3; path = "Fail-sound.mp3"; sourceTree = "<group>"; };
		4D935E0426A02EEF00906B62 /* rightAnswer.wav */ = {isa = PBXFileReference; lastKnownFileType = audio.wav; path = rightAnswer.wav; sourceTree = "<group>"; };
		4D935E0726A03F8300906B62 /* ProfileRouterProtocol.swift */ = {isa = PBXFileReference; lastKnownFileType = sourcecode.swift; path = ProfileRouterProtocol.swift; sourceTree = "<group>"; };
		4D935E0926A03F8F00906B62 /* ProfileRouter.swift */ = {isa = PBXFileReference; lastKnownFileType = sourcecode.swift; path = ProfileRouter.swift; sourceTree = "<group>"; };
		4D935E0D26A0591E00906B62 /* DataService.swift */ = {isa = PBXFileReference; lastKnownFileType = sourcecode.swift; path = DataService.swift; sourceTree = "<group>"; };
		4D935E4726A219BB00906B62 /* LearnEnglishTests.xctest */ = {isa = PBXFileReference; explicitFileType = wrapper.cfbundle; includeInIndex = 0; path = LearnEnglishTests.xctest; sourceTree = BUILT_PRODUCTS_DIR; };
		4D935E4B26A219BB00906B62 /* Info.plist */ = {isa = PBXFileReference; lastKnownFileType = text.plist.xml; path = Info.plist; sourceTree = "<group>"; };
		4D935E5926A2C43300906B62 /* NetworkServiceTest.swift */ = {isa = PBXFileReference; lastKnownFileType = sourcecode.swift; path = NetworkServiceTest.swift; sourceTree = "<group>"; };
		4D935E5D26A2ED2C00906B62 /* MenuRouterTest.swift */ = {isa = PBXFileReference; lastKnownFileType = sourcecode.swift; path = MenuRouterTest.swift; sourceTree = "<group>"; };
		4D935E6126A2F2E900906B62 /* ProfileRouterTest.swift */ = {isa = PBXFileReference; lastKnownFileType = sourcecode.swift; path = ProfileRouterTest.swift; sourceTree = "<group>"; };
		4D935E6326A2FC6500906B62 /* SliderRouterTest.swift */ = {isa = PBXFileReference; lastKnownFileType = sourcecode.swift; path = SliderRouterTest.swift; sourceTree = "<group>"; };
		4D935E6526A48E1C00906B62 /* CardsPresenterTest.swift */ = {isa = PBXFileReference; lastKnownFileType = sourcecode.swift; path = CardsPresenterTest.swift; sourceTree = "<group>"; };
		4D935E6726A48E4100906B62 /* SliderPresenterTest.swift */ = {isa = PBXFileReference; lastKnownFileType = sourcecode.swift; path = SliderPresenterTest.swift; sourceTree = "<group>"; };
		4D935E6F26A56EEA00906B62 /* LearnEnglishUITests.xctest */ = {isa = PBXFileReference; explicitFileType = wrapper.cfbundle; includeInIndex = 0; path = LearnEnglishUITests.xctest; sourceTree = BUILT_PRODUCTS_DIR; };
		4D935E7326A56EEA00906B62 /* Info.plist */ = {isa = PBXFileReference; lastKnownFileType = text.plist.xml; path = Info.plist; sourceTree = "<group>"; };
		4D935E7926A5741400906B62 /* LoginPage.swift */ = {isa = PBXFileReference; lastKnownFileType = sourcecode.swift; path = LoginPage.swift; sourceTree = "<group>"; };
		4D935E7D26A5791500906B62 /*  XCUIApplication+Extension.swift */ = {isa = PBXFileReference; lastKnownFileType = sourcecode.swift; path = " XCUIApplication+Extension.swift"; sourceTree = "<group>"; };
		4D935E8326A57A0F00906B62 /* LoginUITest.swift */ = {isa = PBXFileReference; lastKnownFileType = sourcecode.swift; path = LoginUITest.swift; sourceTree = "<group>"; };
		4D935EE226A976DB00906B62 /* WordDTO.swift */ = {isa = PBXFileReference; lastKnownFileType = sourcecode.swift; path = WordDTO.swift; sourceTree = "<group>"; };
		4D935EE426A976EF00906B62 /* LessonDTO.swift */ = {isa = PBXFileReference; lastKnownFileType = sourcecode.swift; path = LessonDTO.swift; sourceTree = "<group>"; };
		4D935EE626AAA6B400906B62 /* CoreDataService.swift */ = {isa = PBXFileReference; lastKnownFileType = sourcecode.swift; path = CoreDataService.swift; sourceTree = "<group>"; };
		4D935EE826AB727C00906B62 /* DIContainer.swift */ = {isa = PBXFileReference; lastKnownFileType = sourcecode.swift; path = DIContainer.swift; sourceTree = "<group>"; };
		4D935EEA26AC150C00906B62 /* CoreDataError.swift */ = {isa = PBXFileReference; lastKnownFileType = sourcecode.swift; path = CoreDataError.swift; sourceTree = "<group>"; };
		4D935EF026AC76E700906B62 /* LearnEnglishSnapshotTests.xctest */ = {isa = PBXFileReference; explicitFileType = wrapper.cfbundle; includeInIndex = 0; path = LearnEnglishSnapshotTests.xctest; sourceTree = BUILT_PRODUCTS_DIR; };
		4D935EF426AC76E800906B62 /* Info.plist */ = {isa = PBXFileReference; lastKnownFileType = text.plist.xml; path = Info.plist; sourceTree = "<group>"; };
		4D935EFC26AC776E00906B62 /* SnapshotTest.swift */ = {isa = PBXFileReference; lastKnownFileType = sourcecode.swift; path = SnapshotTest.swift; sourceTree = "<group>"; };
		4D935F3326ACC72200906B62 /* MockCoreDataStack.swift */ = {isa = PBXFileReference; lastKnownFileType = sourcecode.swift; path = MockCoreDataStack.swift; sourceTree = "<group>"; };
		4D935F3C26AD7B0C00906B62 /* MockNavigationController.swift */ = {isa = PBXFileReference; lastKnownFileType = sourcecode.swift; path = MockNavigationController.swift; sourceTree = "<group>"; };
		4D935F4326AD7E4600906B62 /* CoreDataServiceTest.swift */ = {isa = PBXFileReference; lastKnownFileType = sourcecode.swift; path = CoreDataServiceTest.swift; sourceTree = "<group>"; };
		4D935F4626AD7E7E00906B62 /* MockCoreDataService.swift */ = {isa = PBXFileReference; lastKnownFileType = sourcecode.swift; path = MockCoreDataService.swift; sourceTree = "<group>"; };
		4D935F4826AEE7B500906B62 /* NetworkServiceProtocol.swift */ = {isa = PBXFileReference; lastKnownFileType = sourcecode.swift; path = NetworkServiceProtocol.swift; sourceTree = "<group>"; };
		4D935F4A26AEF08900906B62 /* DataServiceProtocol.swift */ = {isa = PBXFileReference; lastKnownFileType = sourcecode.swift; path = DataServiceProtocol.swift; sourceTree = "<group>"; };
		4D935F4C26AEF0F700906B62 /* CoreDataServiceProtocol.swift */ = {isa = PBXFileReference; lastKnownFileType = sourcecode.swift; path = CoreDataServiceProtocol.swift; sourceTree = "<group>"; };
		4DEEC5702685F41B0017D77B /* NetworkService.swift */ = {isa = PBXFileReference; lastKnownFileType = sourcecode.swift; path = NetworkService.swift; sourceTree = "<group>"; };
		4DEEC611268742DC0017D77B /* Lessons.xcdatamodel */ = {isa = PBXFileReference; lastKnownFileType = wrapper.xcdatamodel; path = Lessons.xcdatamodel; sourceTree = "<group>"; };
		4DEEC61B268751940017D77B /* CoreDataStack.swift */ = {isa = PBXFileReference; lastKnownFileType = sourcecode.swift; path = CoreDataStack.swift; sourceTree = "<group>"; };
		970BBC72268EEEFF008EFDEB /* SpinnerViewController.swift */ = {isa = PBXFileReference; lastKnownFileType = sourcecode.swift; path = SpinnerViewController.swift; sourceTree = "<group>"; };
		970BBC75268EEF57008EFDEB /* BaseViewContoller.swift */ = {isa = PBXFileReference; lastKnownFileType = sourcecode.swift; path = BaseViewContoller.swift; sourceTree = "<group>"; };
		970BBC80268EFC86008EFDEB /* WorkoutViewController.swift */ = {isa = PBXFileReference; lastKnownFileType = sourcecode.swift; path = WorkoutViewController.swift; sourceTree = "<group>"; };
		970BBC8826903487008EFDEB /* TrainingViewController.swift */ = {isa = PBXFileReference; lastKnownFileType = sourcecode.swift; path = TrainingViewController.swift; sourceTree = "<group>"; };
		970BBC8C2690A6F2008EFDEB /* TrainingCollectionViewLayout.swift */ = {isa = PBXFileReference; lastKnownFileType = sourcecode.swift; path = TrainingCollectionViewLayout.swift; sourceTree = "<group>"; };
		970BBC8F2690A82A008EFDEB /* TrainingCollectionViewCell.swift */ = {isa = PBXFileReference; lastKnownFileType = sourcecode.swift; path = TrainingCollectionViewCell.swift; sourceTree = "<group>"; };
		970BBC9A2691F7BF008EFDEB /* CardsTableViewCell.swift */ = {isa = PBXFileReference; lastKnownFileType = sourcecode.swift; path = CardsTableViewCell.swift; sourceTree = "<group>"; };
		971421292696DC9700467C83 /* SettingsViewController.swift */ = {isa = PBXFileReference; lastKnownFileType = sourcecode.swift; path = SettingsViewController.swift; sourceTree = "<group>"; };
		9714212C2696DCB400467C83 /* SettingsTableViewCell.swift */ = {isa = PBXFileReference; lastKnownFileType = sourcecode.swift; path = SettingsTableViewCell.swift; sourceTree = "<group>"; };
		9734ADCD2679D16F006BCF52 /* LearnEnglish.app */ = {isa = PBXFileReference; explicitFileType = wrapper.application; includeInIndex = 0; path = LearnEnglish.app; sourceTree = BUILT_PRODUCTS_DIR; };
		9734ADD02679D16F006BCF52 /* AppDelegate.swift */ = {isa = PBXFileReference; lastKnownFileType = sourcecode.swift; path = AppDelegate.swift; sourceTree = "<group>"; };
		9734ADD42679D16F006BCF52 /* SliderViewController.swift */ = {isa = PBXFileReference; lastKnownFileType = sourcecode.swift; path = SliderViewController.swift; sourceTree = "<group>"; };
		9734ADD92679D170006BCF52 /* Assets.xcassets */ = {isa = PBXFileReference; lastKnownFileType = folder.assetcatalog; path = Assets.xcassets; sourceTree = "<group>"; };
		9734ADDC2679D170006BCF52 /* Base */ = {isa = PBXFileReference; lastKnownFileType = file.storyboard; name = Base; path = Base.lproj/LaunchScreen.storyboard; sourceTree = "<group>"; };
		9734ADDE2679D170006BCF52 /* Info.plist */ = {isa = PBXFileReference; lastKnownFileType = text.plist.xml; path = Info.plist; sourceTree = "<group>"; };
		9734ADE92679D3B0006BCF52 /* SliderCollectionViewCell.swift */ = {isa = PBXFileReference; lastKnownFileType = sourcecode.swift; path = SliderCollectionViewCell.swift; sourceTree = "<group>"; };
		9734ADEC2679D3C7006BCF52 /* SliderCollectionViewLayout.swift */ = {isa = PBXFileReference; lastKnownFileType = sourcecode.swift; path = SliderCollectionViewLayout.swift; sourceTree = "<group>"; };
		9734ADFD267A24A7006BCF52 /* CardsViewController.swift */ = {isa = PBXFileReference; lastKnownFileType = sourcecode.swift; path = CardsViewController.swift; sourceTree = "<group>"; };
/* End PBXFileReference section */

/* Begin PBXFrameworksBuildPhase section */
		4D935E4426A219BB00906B62 /* Frameworks */ = {
			isa = PBXFrameworksBuildPhase;
			buildActionMask = 2147483647;
			files = (
			);
			runOnlyForDeploymentPostprocessing = 0;
		};
		4D935E6C26A56EEA00906B62 /* Frameworks */ = {
			isa = PBXFrameworksBuildPhase;
			buildActionMask = 2147483647;
			files = (
			);
			runOnlyForDeploymentPostprocessing = 0;
		};
		4D935EED26AC76E700906B62 /* Frameworks */ = {
			isa = PBXFrameworksBuildPhase;
			buildActionMask = 2147483647;
			files = (
				4D935F2F26ACB93B00906B62 /* SnapshotTesting in Frameworks */,
			);
			runOnlyForDeploymentPostprocessing = 0;
		};
		9734ADCA2679D16F006BCF52 /* Frameworks */ = {
			isa = PBXFrameworksBuildPhase;
			buildActionMask = 2147483647;
			files = (
			);
			runOnlyForDeploymentPostprocessing = 0;
		};
/* End PBXFrameworksBuildPhase section */

/* Begin PBXGroup section */
		4D42EA8126AF67600055D38B /* Assembly */ = {
			isa = PBXGroup;
			children = (
				4D935D54269C756100906B62 /* Assembly.swift */,
			);
			path = Assembly;
			sourceTree = "<group>";
		};
		4D42EA9326B02D650055D38B /* SettingsModule */ = {
			isa = PBXGroup;
			children = (
				4D42EA9626B02DB60055D38B /* SettingsPresenterTest.swift */,
			);
			path = SettingsModule;
			sourceTree = "<group>";
		};
		4D935D4B269C746500906B62 /* Slider */ = {
			isa = PBXGroup;
			children = (
				4D935D69269C77F100906B62 /* View */,
				4D935D6A269C77FA00906B62 /* Presenter */,
				4D935DF2269F24F600906B62 /* Router */,
			);
			path = Slider;
			sourceTree = "<group>";
		};
		4D935D5A269C767400906B62 /* Setting */ = {
			isa = PBXGroup;
			children = (
				4D935D6B269C780C00906B62 /* View */,
				4D935D6C269C781300906B62 /* Presenter */,
			);
			name = Setting;
			sourceTree = "<group>";
		};
		4D935D65269C779B00906B62 /* View */ = {
			isa = PBXGroup;
			children = (
				970BBC8826903487008EFDEB /* TrainingViewController.swift */,
				970BBC8F2690A82A008EFDEB /* TrainingCollectionViewCell.swift */,
				970BBC8C2690A6F2008EFDEB /* TrainingCollectionViewLayout.swift */,
				970BBC80268EFC86008EFDEB /* WorkoutViewController.swift */,
			);
			path = View;
			sourceTree = "<group>";
		};
		4D935D66269C77A600906B62 /* Presenter */ = {
			isa = PBXGroup;
			children = (
				4D935D52269C754400906B62 /* TrainingPresenter.swift */,
			);
			path = Presenter;
			sourceTree = "<group>";
		};
		4D935D67269C77C900906B62 /* View */ = {
			isa = PBXGroup;
			children = (
				970BBC9A2691F7BF008EFDEB /* CardsTableViewCell.swift */,
				9734ADFD267A24A7006BCF52 /* CardsViewController.swift */,
			);
			path = View;
			sourceTree = "<group>";
		};
		4D935D68269C77D500906B62 /* Presenter */ = {
			isa = PBXGroup;
			children = (
				4D935D49269C740B00906B62 /* CardsPresenter.swift */,
			);
			path = Presenter;
			sourceTree = "<group>";
		};
		4D935D69269C77F100906B62 /* View */ = {
			isa = PBXGroup;
			children = (
				9734ADD42679D16F006BCF52 /* SliderViewController.swift */,
				9734ADE92679D3B0006BCF52 /* SliderCollectionViewCell.swift */,
				9734ADEC2679D3C7006BCF52 /* SliderCollectionViewLayout.swift */,
			);
			path = View;
			sourceTree = "<group>";
		};
		4D935D6A269C77FA00906B62 /* Presenter */ = {
			isa = PBXGroup;
			children = (
				4D935D4C269C74AC00906B62 /* SliderPresenter.swift */,
			);
			path = Presenter;
			sourceTree = "<group>";
		};
		4D935D6B269C780C00906B62 /* View */ = {
			isa = PBXGroup;
			children = (
				971421292696DC9700467C83 /* SettingsViewController.swift */,
				9714212C2696DCB400467C83 /* SettingsTableViewCell.swift */,
			);
			name = View;
			sourceTree = "<group>";
		};
		4D935D6C269C781300906B62 /* Presenter */ = {
			isa = PBXGroup;
			children = (
				4D935D5F269C76FE00906B62 /* SettingsPresenter.swift */,
			);
			name = Presenter;
			sourceTree = "<group>";
		};
		4D935D6D269C782400906B62 /* AboutUs */ = {
			isa = PBXGroup;
			children = (
				4D935D6E269C783100906B62 /* View */,
				4D935D71269C785600906B62 /* Presenter */,
			);
			path = AboutUs;
			sourceTree = "<group>";
		};
		4D935D6E269C783100906B62 /* View */ = {
			isa = PBXGroup;
			children = (
				4D78452D2699B9FF00C274BB /* AboutUsViewController.swift */,
			);
			path = View;
			sourceTree = "<group>";
		};
		4D935D71269C785600906B62 /* Presenter */ = {
			isa = PBXGroup;
			children = (
				4D935D6F269C784300906B62 /* AboutUsPresenter.swift */,
			);
			path = Presenter;
			sourceTree = "<group>";
		};
		4D935D76269C79A400906B62 /* Profile */ = {
			isa = PBXGroup;
			children = (
				4D935DC6269D018000906B62 /* View */,
				4D935DC7269D018A00906B62 /* Presenter */,
				4D935E0F26A063EE00906B62 /* Router */,
			);
			path = Profile;
			sourceTree = "<group>";
		};
		4D935DC6269D018000906B62 /* View */ = {
			isa = PBXGroup;
			children = (
				4D7835352698BF0B002FDB19 /* ProfileViewController.swift */,
			);
			path = View;
			sourceTree = "<group>";
		};
		4D935DC7269D018A00906B62 /* Presenter */ = {
			isa = PBXGroup;
			children = (
				4D935D77269C79B600906B62 /* ProfilePresenter.swift */,
			);
			path = Presenter;
			sourceTree = "<group>";
		};
		4D935DC8269D028500906B62 /* Helpers */ = {
			isa = PBXGroup;
			children = (
				4D935D21269B983300906B62 /* UIButton+Extension.swift */,
				4D935F3526ACD57D00906B62 /* Errors */,
				4D935EE826AB727C00906B62 /* DIContainer.swift */,
				4D742AF5269ADDA2009CDA12 /* Constants.swift */,
				970BBC72268EEEFF008EFDEB /* SpinnerViewController.swift */,
				970BBC75268EEF57008EFDEB /* BaseViewContoller.swift */,
				4D935DD8269DB51600906B62 /* RouterProtocol.swift */,
			);
			path = Helpers;
			sourceTree = "<group>";
		};
		4D935DC9269D029800906B62 /* ServiceLayer */ = {
			isa = PBXGroup;
			children = (
				4D935F4826AEE7B500906B62 /* NetworkServiceProtocol.swift */,
				4DEEC5702685F41B0017D77B /* NetworkService.swift */,
				4D935E0D26A0591E00906B62 /* DataService.swift */,
				4D935F4A26AEF08900906B62 /* DataServiceProtocol.swift */,
				4D935EE626AAA6B400906B62 /* CoreDataService.swift */,
				4D935F4C26AEF0F700906B62 /* CoreDataServiceProtocol.swift */,
			);
			path = ServiceLayer;
			sourceTree = "<group>";
		};
		4D935DF2269F24F600906B62 /* Router */ = {
			isa = PBXGroup;
			children = (
				4D935DEE269F228200906B62 /* SliderRouterProtocol.swift */,
				4D935DF0269F23DF00906B62 /* SliderRouter.swift */,
			);
			path = Router;
			sourceTree = "<group>";
		};
		4D935DFE26A00D7E00906B62 /* Router */ = {
			isa = PBXGroup;
			children = (
				4D935DFA26A00CBF00906B62 /* MenuRouterProtocol.swift */,
				4D935DFC26A00CC600906B62 /* MenuRouter.swift */,
			);
			path = Router;
			sourceTree = "<group>";
		};
		4D935E0026A02CD400906B62 /* Sounds */ = {
			isa = PBXGroup;
			children = (
				4D935E0226A02EA700906B62 /* Fail-sound.mp3 */,
				4D935E0426A02EEF00906B62 /* rightAnswer.wav */,
			);
			path = Sounds;
			sourceTree = "<group>";
		};
		4D935E0F26A063EE00906B62 /* Router */ = {
			isa = PBXGroup;
			children = (
				4D935E0726A03F8300906B62 /* ProfileRouterProtocol.swift */,
				4D935E0926A03F8F00906B62 /* ProfileRouter.swift */,
			);
			path = Router;
			sourceTree = "<group>";
		};
		4D935E1026A064F100906B62 /* Router */ = {
			isa = PBXGroup;
			children = (
				4D935DEB269EC6DA00906B62 /* StartRouter.swift */,
			);
			path = Router;
			sourceTree = "<group>";
		};
		4D935E4826A219BB00906B62 /* LearnEnglishTests */ = {
			isa = PBXGroup;
			children = (
				4D935E5526A2B65700906B62 /* CardsModule */,
				4D935E5626A2B66700906B62 /* SliderModule */,
				4D42EA9326B02D650055D38B /* SettingsModule */,
				4D935E5726A2B6AF00906B62 /* ProfileModule */,
				4D935F4226AD7C1600906B62 /* AboutUsModule */,
				4D935E5426A2B61700906B62 /* NetworkModule */,
				4D935F4526AD7E4C00906B62 /* CoreDataModule */,
				4D935E4B26A219BB00906B62 /* Info.plist */,
				4D935F3B26AD7AF400906B62 /* Mock */,
			);
			path = LearnEnglishTests;
			sourceTree = "<group>";
		};
		4D935E5426A2B61700906B62 /* NetworkModule */ = {
			isa = PBXGroup;
			children = (
				4D935E5926A2C43300906B62 /* NetworkServiceTest.swift */,
			);
			path = NetworkModule;
			sourceTree = "<group>";
		};
		4D935E5526A2B65700906B62 /* CardsModule */ = {
			isa = PBXGroup;
			children = (
				4D935E5D26A2ED2C00906B62 /* MenuRouterTest.swift */,
				4D935E6526A48E1C00906B62 /* CardsPresenterTest.swift */,
			);
			path = CardsModule;
			sourceTree = "<group>";
		};
		4D935E5626A2B66700906B62 /* SliderModule */ = {
			isa = PBXGroup;
			children = (
				4D935E6326A2FC6500906B62 /* SliderRouterTest.swift */,
				4D935E6726A48E4100906B62 /* SliderPresenterTest.swift */,
			);
			path = SliderModule;
			sourceTree = "<group>";
		};
		4D935E5726A2B6AF00906B62 /* ProfileModule */ = {
			isa = PBXGroup;
			children = (
				4D935E6126A2F2E900906B62 /* ProfileRouterTest.swift */,
			);
			path = ProfileModule;
			sourceTree = "<group>";
		};
		4D935E7026A56EEA00906B62 /* LearnEnglishUITests */ = {
			isa = PBXGroup;
			children = (
				4D935E7926A5741400906B62 /* LoginPage.swift */,
				4D935E7D26A5791500906B62 /*  XCUIApplication+Extension.swift */,
				4D935E8326A57A0F00906B62 /* LoginUITest.swift */,
				4D935E7326A56EEA00906B62 /* Info.plist */,
			);
			path = LearnEnglishUITests;
			sourceTree = "<group>";
		};
		4D935EF126AC76E800906B62 /* LearnEnglishSnapshotTests */ = {
			isa = PBXGroup;
			children = (
				4D935EFC26AC776E00906B62 /* SnapshotTest.swift */,
				4D935EF426AC76E800906B62 /* Info.plist */,
			);
			path = LearnEnglishSnapshotTests;
			sourceTree = "<group>";
		};
		4D935F3526ACD57D00906B62 /* Errors */ = {
			isa = PBXGroup;
			children = (
				4D742AF7269AF462009CDA12 /* NetworkError.swift */,
				4D935EEA26AC150C00906B62 /* CoreDataError.swift */,
			);
			path = Errors;
			sourceTree = "<group>";
		};
		4D935F3B26AD7AF400906B62 /* Mock */ = {
			isa = PBXGroup;
			children = (
				4D935F3326ACC72200906B62 /* MockCoreDataStack.swift */,
				4D58838B26B48337002AFA51 /* MockNetworkService.swift */,
				4D935F4626AD7E7E00906B62 /* MockCoreDataService.swift */,
				4D935F3C26AD7B0C00906B62 /* MockNavigationController.swift */,
			);
			path = Mock;
			sourceTree = "<group>";
		};
		4D935F4226AD7C1600906B62 /* AboutUsModule */ = {
			isa = PBXGroup;
			children = (
				4D42EA9826B031B90055D38B /* AboutUsPresenterTest.swift */,
				4D58838D26B483FD002AFA51 /* BaseViewController.swift */,
			);
			path = AboutUsModule;
			sourceTree = "<group>";
		};
		4D935F4526AD7E4C00906B62 /* CoreDataModule */ = {
			isa = PBXGroup;
			children = (
				4D935F4326AD7E4600906B62 /* CoreDataServiceTest.swift */,
				4D42EA9A26B03AED0055D38B /* DataServiceTest.swift */,
			);
			path = CoreDataModule;
			sourceTree = "<group>";
		};
		970BBC922690CC87008EFDEB /* Workout */ = {
			isa = PBXGroup;
			children = (
				4D935D65269C779B00906B62 /* View */,
				4D935D66269C77A600906B62 /* Presenter */,
			);
			path = Workout;
			sourceTree = "<group>";
		};
		970BBC942690CCA4008EFDEB /* Cards */ = {
			isa = PBXGroup;
			children = (
				4D935D67269C77C900906B62 /* View */,
				4D935D68269C77D500906B62 /* Presenter */,
				4D935DFE26A00D7E00906B62 /* Router */,
			);
			path = Cards;
			sourceTree = "<group>";
		};
		9734ADC42679D16F006BCF52 = {
			isa = PBXGroup;
			children = (
				9734ADCF2679D16F006BCF52 /* LearnEnglish */,
				4D935E4826A219BB00906B62 /* LearnEnglishTests */,
				4D935E7026A56EEA00906B62 /* LearnEnglishUITests */,
				4D935EF126AC76E800906B62 /* LearnEnglishSnapshotTests */,
				9734ADCE2679D16F006BCF52 /* Products */,
			);
			sourceTree = "<group>";
		};
		9734ADCE2679D16F006BCF52 /* Products */ = {
			isa = PBXGroup;
			children = (
				9734ADCD2679D16F006BCF52 /* LearnEnglish.app */,
				4D935E4726A219BB00906B62 /* LearnEnglishTests.xctest */,
				4D935E6F26A56EEA00906B62 /* LearnEnglishUITests.xctest */,
				4D935EF026AC76E700906B62 /* LearnEnglishSnapshotTests.xctest */,
			);
			name = Products;
			sourceTree = "<group>";
		};
		9734ADCF2679D16F006BCF52 /* LearnEnglish */ = {
			isa = PBXGroup;
			children = (
				9734ADD02679D16F006BCF52 /* AppDelegate.swift */,
				4D42EA8126AF67600055D38B /* Assembly */,
				4D935E1026A064F100906B62 /* Router */,
				9734AE0E267B315F006BCF52 /* Model */,
				970BBC942690CCA4008EFDEB /* Cards */,
				4D935D4B269C746500906B62 /* Slider */,
				4D935D5A269C767400906B62 /* Setting */,
				970BBC922690CC87008EFDEB /* Workout */,
				4D935D76269C79A400906B62 /* Profile */,
				4D935D6D269C782400906B62 /* AboutUs */,
				4D935DC9269D029800906B62 /* ServiceLayer */,
				4D935DC8269D028500906B62 /* Helpers */,
				4D935E0026A02CD400906B62 /* Sounds */,
				9734ADD92679D170006BCF52 /* Assets.xcassets */,
				9734ADDB2679D170006BCF52 /* LaunchScreen.storyboard */,
				9734ADDE2679D170006BCF52 /* Info.plist */,
			);
			path = LearnEnglish;
			sourceTree = "<group>";
		};
		9734AE0E267B315F006BCF52 /* Model */ = {
			isa = PBXGroup;
			children = (
				4DEEC61B268751940017D77B /* CoreDataStack.swift */,
				4D7BC57E268C896A008CD301 /* Lesson+CoreDataClass.swift */,
				4D7BC57F268C896A008CD301 /* Lesson+CoreDataProperties.swift */,
				4D7BC580268C896A008CD301 /* Word+CoreDataClass.swift */,
				4D7BC581268C896A008CD301 /* Word+CoreDataProperties.swift */,
				4DEEC610268742DC0017D77B /* Lessons.xcdatamodeld */,
				4D935EE226A976DB00906B62 /* WordDTO.swift */,
				4D935EE426A976EF00906B62 /* LessonDTO.swift */,
			);
			path = Model;
			sourceTree = "<group>";
		};
/* End PBXGroup section */

/* Begin PBXNativeTarget section */
		4D935E4626A219BB00906B62 /* LearnEnglishTests */ = {
			isa = PBXNativeTarget;
			buildConfigurationList = 4D935E5026A219BB00906B62 /* Build configuration list for PBXNativeTarget "LearnEnglishTests" */;
			buildPhases = (
				4D935E4326A219BB00906B62 /* Sources */,
				4D935E4426A219BB00906B62 /* Frameworks */,
				4D935E4526A219BB00906B62 /* Resources */,
			);
			buildRules = (
			);
			dependencies = (
				4D935E4D26A219BB00906B62 /* PBXTargetDependency */,
			);
			name = LearnEnglishTests;
			packageProductDependencies = (
			);
			productName = LearnEnglishTests;
			productReference = 4D935E4726A219BB00906B62 /* LearnEnglishTests.xctest */;
			productType = "com.apple.product-type.bundle.unit-test";
		};
		4D935E6E26A56EEA00906B62 /* LearnEnglishUITests */ = {
			isa = PBXNativeTarget;
			buildConfigurationList = 4D935E7626A56EEB00906B62 /* Build configuration list for PBXNativeTarget "LearnEnglishUITests" */;
			buildPhases = (
				4D935E6B26A56EEA00906B62 /* Sources */,
				4D935E6C26A56EEA00906B62 /* Frameworks */,
				4D935E6D26A56EEA00906B62 /* Resources */,
			);
			buildRules = (
			);
			dependencies = (
				4D935E7526A56EEA00906B62 /* PBXTargetDependency */,
			);
			name = LearnEnglishUITests;
			productName = LearnEnglishUITests;
			productReference = 4D935E6F26A56EEA00906B62 /* LearnEnglishUITests.xctest */;
			productType = "com.apple.product-type.bundle.ui-testing";
		};
		4D935EEF26AC76E700906B62 /* LearnEnglishSnapshotTests */ = {
			isa = PBXNativeTarget;
			buildConfigurationList = 4D935EF726AC76E800906B62 /* Build configuration list for PBXNativeTarget "LearnEnglishSnapshotTests" */;
			buildPhases = (
				4D935EEC26AC76E700906B62 /* Sources */,
				4D935EED26AC76E700906B62 /* Frameworks */,
				4D935EEE26AC76E700906B62 /* Resources */,
			);
			buildRules = (
			);
			dependencies = (
				4D935EF626AC76E800906B62 /* PBXTargetDependency */,
			);
			name = LearnEnglishSnapshotTests;
			packageProductDependencies = (
				4D935F2E26ACB93B00906B62 /* SnapshotTesting */,
			);
			productName = LearnEnglishSnapshotTests;
			productReference = 4D935EF026AC76E700906B62 /* LearnEnglishSnapshotTests.xctest */;
			productType = "com.apple.product-type.bundle.unit-test";
		};
		9734ADCC2679D16F006BCF52 /* LearnEnglish */ = {
			isa = PBXNativeTarget;
			buildConfigurationList = 9734ADE12679D170006BCF52 /* Build configuration list for PBXNativeTarget "LearnEnglish" */;
			buildPhases = (
				9734ADC92679D16F006BCF52 /* Sources */,
				9734ADCA2679D16F006BCF52 /* Frameworks */,
				9734ADCB2679D16F006BCF52 /* Resources */,
				4D935E1226A07C5D00906B62 /* ShellScript */,
			);
			buildRules = (
			);
			dependencies = (
			);
			name = LearnEnglish;
			productName = LearnEnglish;
			productReference = 9734ADCD2679D16F006BCF52 /* LearnEnglish.app */;
			productType = "com.apple.product-type.application";
		};
/* End PBXNativeTarget section */

/* Begin PBXProject section */
		9734ADC52679D16F006BCF52 /* Project object */ = {
			isa = PBXProject;
			attributes = {
				LastSwiftUpdateCheck = 1250;
				LastUpgradeCheck = 1220;
				TargetAttributes = {
					4D935E4626A219BB00906B62 = {
						CreatedOnToolsVersion = 12.5.1;
						LastSwiftMigration = 1250;
					};
					4D935E6E26A56EEA00906B62 = {
						CreatedOnToolsVersion = 12.5.1;
						TestTargetID = 9734ADCC2679D16F006BCF52;
					};
					4D935EEF26AC76E700906B62 = {
						CreatedOnToolsVersion = 12.5.1;
						TestTargetID = 9734ADCC2679D16F006BCF52;
					};
					9734ADCC2679D16F006BCF52 = {
						CreatedOnToolsVersion = 12.2;
					};
				};
			};
			buildConfigurationList = 9734ADC82679D16F006BCF52 /* Build configuration list for PBXProject "LearnEnglish" */;
			compatibilityVersion = "Xcode 9.3";
			developmentRegion = en;
			hasScannedForEncodings = 0;
			knownRegions = (
				en,
				Base,
			);
			mainGroup = 9734ADC42679D16F006BCF52;
			packageReferences = (
				4D935F2D26ACB93B00906B62 /* XCRemoteSwiftPackageReference "swift-snapshot-testing" */,
			);
			productRefGroup = 9734ADCE2679D16F006BCF52 /* Products */;
			projectDirPath = "";
			projectRoot = "";
			targets = (
				9734ADCC2679D16F006BCF52 /* LearnEnglish */,
				4D935E4626A219BB00906B62 /* LearnEnglishTests */,
				4D935E6E26A56EEA00906B62 /* LearnEnglishUITests */,
				4D935EEF26AC76E700906B62 /* LearnEnglishSnapshotTests */,
			);
		};
/* End PBXProject section */

/* Begin PBXResourcesBuildPhase section */
		4D935E4526A219BB00906B62 /* Resources */ = {
			isa = PBXResourcesBuildPhase;
			buildActionMask = 2147483647;
			files = (
			);
			runOnlyForDeploymentPostprocessing = 0;
		};
		4D935E6D26A56EEA00906B62 /* Resources */ = {
			isa = PBXResourcesBuildPhase;
			buildActionMask = 2147483647;
			files = (
			);
			runOnlyForDeploymentPostprocessing = 0;
		};
		4D935EEE26AC76E700906B62 /* Resources */ = {
			isa = PBXResourcesBuildPhase;
			buildActionMask = 2147483647;
			files = (
			);
			runOnlyForDeploymentPostprocessing = 0;
		};
		9734ADCB2679D16F006BCF52 /* Resources */ = {
			isa = PBXResourcesBuildPhase;
			buildActionMask = 2147483647;
			files = (
				4D935E0326A02EA700906B62 /* Fail-sound.mp3 in Resources */,
				4D935E0526A02EEF00906B62 /* rightAnswer.wav in Resources */,
				9734ADDD2679D170006BCF52 /* LaunchScreen.storyboard in Resources */,
				9734ADDA2679D170006BCF52 /* Assets.xcassets in Resources */,
			);
			runOnlyForDeploymentPostprocessing = 0;
		};
/* End PBXResourcesBuildPhase section */

/* Begin PBXShellScriptBuildPhase section */
		4D935E1226A07C5D00906B62 /* ShellScript */ = {
			isa = PBXShellScriptBuildPhase;
			buildActionMask = 2147483647;
			files = (
			);
			inputFileListPaths = (
			);
			inputPaths = (
			);
			outputFileListPaths = (
			);
			outputPaths = (
			);
			runOnlyForDeploymentPostprocessing = 0;
			shellPath = /bin/sh;
			shellScript = "# Type a script or drag a script file from your workspace to insert its path.\nif which swiftlint >/dev/null; then\n  swiftlint\nelse\n  echo \"error: SwiftLint does not exist, download it from https://github.com/realm/SwiftLint\"\n  exit 1\nfi\n";
		};
/* End PBXShellScriptBuildPhase section */

/* Begin PBXSourcesBuildPhase section */
		4D935E4326A219BB00906B62 /* Sources */ = {
			isa = PBXSourcesBuildPhase;
			buildActionMask = 2147483647;
			files = (
				4D935F4426AD7E4600906B62 /* CoreDataServiceTest.swift in Sources */,
				4D935F0526ACB43300906B62 /* SliderCollectionViewCell.swift in Sources */,
				4D935F0726ACB43A00906B62 /* SliderPresenter.swift in Sources */,
				4D935E5E26A2ED2C00906B62 /* MenuRouterTest.swift in Sources */,
				4D935F1526ACB49100906B62 /* ProfileRouter.swift in Sources */,
				4D935F0A26ACB44800906B62 /* SettingsViewController.swift in Sources */,
				4D42EA9B26B03AED0055D38B /* DataServiceTest.swift in Sources */,
				4D935F0426ACB43000906B62 /* SliderViewController.swift in Sources */,
				4D935F0026ACB42100906B62 /* CardsTableViewCell.swift in Sources */,
				4D935F0F26ACB45F00906B62 /* TrainingCollectionViewLayout.swift in Sources */,
				4D935F0826ACB43E00906B62 /* SliderRouterProtocol.swift in Sources */,
				4D935F1426ACB48D00906B62 /* ProfileRouterProtocol.swift in Sources */,
				4D935F4726AD7E7E00906B62 /* MockCoreDataService.swift in Sources */,
				4D935F2726ACB57600906B62 /* Word+CoreDataProperties.swift in Sources */,
				4D935F2226ACB4BD00906B62 /* RouterProtocol.swift in Sources */,
				4D935F0C26ACB44F00906B62 /* SettingsPresenter.swift in Sources */,
				4D935EFF26ACB41900906B62 /* StartRouter.swift in Sources */,
				4D935F2826ACB57A00906B62 /* Lessons.xcdatamodeld in Sources */,
				4D935F4F26AF042C00906B62 /* CoreDataServiceProtocol.swift in Sources */,
				4D935F0226ACB42700906B62 /* MenuRouterProtocol.swift in Sources */,
				4D935F3426ACC72200906B62 /* MockCoreDataStack.swift in Sources */,
				4D935F0626ACB43600906B62 /* SliderCollectionViewLayout.swift in Sources */,
				4D935F0E26ACB45B00906B62 /* TrainingCollectionViewCell.swift in Sources */,
				4D935F2126ACB4BA00906B62 /* BaseViewContoller.swift in Sources */,
				4D935F1A26ACB4A400906B62 /* CoreDataService.swift in Sources */,
				4D935F1026ACB46200906B62 /* WorkoutViewController.swift in Sources */,
				4D935F0B26ACB44B00906B62 /* SettingsTableViewCell.swift in Sources */,
				4D42EA9926B031B90055D38B /* AboutUsPresenterTest.swift in Sources */,
				4D935F0326ACB42A00906B62 /* MenuRouter.swift in Sources */,
				4D935F1126ACB47D00906B62 /* TrainingPresenter.swift in Sources */,
				4D935F1B26ACB4A900906B62 /* UIButton+Extension.swift in Sources */,
				4D935F1226ACB48500906B62 /* ProfileViewController.swift in Sources */,
				4D935F1F26ACB4B500906B62 /* Constants.swift in Sources */,
				4D935E6626A48E1C00906B62 /* CardsPresenterTest.swift in Sources */,
				4D935F3D26AD7B0C00906B62 /* MockNavigationController.swift in Sources */,
				4D935F1826ACB49F00906B62 /* NetworkService.swift in Sources */,
				4D935F1726ACB49A00906B62 /* AboutUsPresenter.swift in Sources */,
				4D935F3A26AD797B00906B62 /* DIContainer.swift in Sources */,
				4D935F2326ACB56B00906B62 /* CoreDataStack.swift in Sources */,
				4D935F4E26AF042100906B62 /* NetworkServiceProtocol.swift in Sources */,
				4D935E6426A2FC6500906B62 /* SliderRouterTest.swift in Sources */,
				4D935F2A26ACB58200906B62 /* WordDTO.swift in Sources */,
				4D935F1326ACB48800906B62 /* ProfilePresenter.swift in Sources */,
				4D935F1626ACB49600906B62 /* AboutUsViewController.swift in Sources */,
				4D935F1D26ACB4AF00906B62 /* CoreDataError.swift in Sources */,
				4D58838E26B483FD002AFA51 /* BaseViewController.swift in Sources */,
				4D935F2626ACB57300906B62 /* Word+CoreDataClass.swift in Sources */,
				4D42EA9726B02DB60055D38B /* SettingsPresenterTest.swift in Sources */,
				4D935F5026AF043E00906B62 /* DataServiceProtocol.swift in Sources */,
				4D935EFE26ACB40D00906B62 /* CardsPresenter.swift in Sources */,
				4D935F0926ACB44100906B62 /* SliderRouter.swift in Sources */,
				4D935F1926ACB4A100906B62 /* DataService.swift in Sources */,
				4D935F0126ACB42300906B62 /* CardsViewController.swift in Sources */,
				4D935F2426ACB56D00906B62 /* Lesson+CoreDataClass.swift in Sources */,
				4D935E6826A48E4100906B62 /* SliderPresenterTest.swift in Sources */,
				4D935E5A26A2C43300906B62 /* NetworkServiceTest.swift in Sources */,
				4D58838C26B48337002AFA51 /* MockNetworkService.swift in Sources */,
				4D935F0D26ACB45800906B62 /* TrainingViewController.swift in Sources */,
				4D935E6226A2F2E900906B62 /* ProfileRouterTest.swift in Sources */,
				4D935F2C26ACB59E00906B62 /* Assembly.swift in Sources */,
				4D935F2026ACB4B800906B62 /* SpinnerViewController.swift in Sources */,
				4D935F1C26ACB4AC00906B62 /* NetworkError.swift in Sources */,
				4D935F2B26ACB58500906B62 /* LessonDTO.swift in Sources */,
				4D935F2526ACB57000906B62 /* Lesson+CoreDataProperties.swift in Sources */,
			);
			runOnlyForDeploymentPostprocessing = 0;
		};
		4D935E6B26A56EEA00906B62 /* Sources */ = {
			isa = PBXSourcesBuildPhase;
			buildActionMask = 2147483647;
			files = (
				4D935E7E26A5791500906B62 /*  XCUIApplication+Extension.swift in Sources */,
				4D935E7A26A5741400906B62 /* LoginPage.swift in Sources */,
				4D935E8426A57A0F00906B62 /* LoginUITest.swift in Sources */,
			);
			runOnlyForDeploymentPostprocessing = 0;
		};
		4D935EEC26AC76E700906B62 /* Sources */ = {
			isa = PBXSourcesBuildPhase;
			buildActionMask = 2147483647;
			files = (
				4D935EFD26AC776E00906B62 /* SnapshotTest.swift in Sources */,
			);
			runOnlyForDeploymentPostprocessing = 0;
		};
		9734ADC92679D16F006BCF52 /* Sources */ = {
			isa = PBXSourcesBuildPhase;
			buildActionMask = 2147483647;
			files = (
				4D935D22269B983300906B62 /* UIButton+Extension.swift in Sources */,
				970BBC73268EEEFF008EFDEB /* SpinnerViewController.swift in Sources */,
				4D935D4D269C74AC00906B62 /* SliderPresenter.swift in Sources */,
				970BBC81268EFC86008EFDEB /* WorkoutViewController.swift in Sources */,
				4D7BC583268C896A008CD301 /* Lesson+CoreDataProperties.swift in Sources */,
				970BBC9B2691F7BF008EFDEB /* CardsTableViewCell.swift in Sources */,
				4D935EEB26AC150C00906B62 /* CoreDataError.swift in Sources */,
				4D78452E2699B9FF00C274BB /* AboutUsViewController.swift in Sources */,
				4D742AF6269ADDA2009CDA12 /* Constants.swift in Sources */,
				4D935E0A26A03F8F00906B62 /* ProfileRouter.swift in Sources */,
				4D935DFB26A00CBF00906B62 /* MenuRouterProtocol.swift in Sources */,
				4D935F4B26AEF08900906B62 /* DataServiceProtocol.swift in Sources */,
				4D935DF1269F23DF00906B62 /* SliderRouter.swift in Sources */,
				4D7BC584268C896A008CD301 /* Word+CoreDataClass.swift in Sources */,
				4D935D55269C756100906B62 /* Assembly.swift in Sources */,
				970BBC8D2690A6F2008EFDEB /* TrainingCollectionViewLayout.swift in Sources */,
				4D7835362698BF0B002FDB19 /* ProfileViewController.swift in Sources */,
				4D742AF8269AF462009CDA12 /* NetworkError.swift in Sources */,
				970BBC76268EEF57008EFDEB /* BaseViewContoller.swift in Sources */,
				4D7BC585268C896A008CD301 /* Word+CoreDataProperties.swift in Sources */,
				4D935F4D26AEF0F700906B62 /* CoreDataServiceProtocol.swift in Sources */,
				9714212A2696DC9700467C83 /* SettingsViewController.swift in Sources */,
				4D935F4926AEE7B500906B62 /* NetworkServiceProtocol.swift in Sources */,
				4D7BC582268C896A008CD301 /* Lesson+CoreDataClass.swift in Sources */,
				9734ADFE267A24A7006BCF52 /* CardsViewController.swift in Sources */,
				9734ADEA2679D3B0006BCF52 /* SliderCollectionViewCell.swift in Sources */,
				970BBC902690A82A008EFDEB /* TrainingCollectionViewCell.swift in Sources */,
				4D935E0826A03F8400906B62 /* ProfileRouterProtocol.swift in Sources */,
				9734ADD52679D16F006BCF52 /* SliderViewController.swift in Sources */,
				4D935EE726AAA6B400906B62 /* CoreDataService.swift in Sources */,
				4D935EE526A976EF00906B62 /* LessonDTO.swift in Sources */,
				4D935D70269C784300906B62 /* AboutUsPresenter.swift in Sources */,
				4D935EE926AB727C00906B62 /* DIContainer.swift in Sources */,
				4D935D78269C79B600906B62 /* ProfilePresenter.swift in Sources */,
				4D935E0E26A0591E00906B62 /* DataService.swift in Sources */,
				4D935DEF269F228200906B62 /* SliderRouterProtocol.swift in Sources */,
				4DEEC612268742DC0017D77B /* Lessons.xcdatamodeld in Sources */,
				4D935D4A269C740B00906B62 /* CardsPresenter.swift in Sources */,
				4D935DD9269DB51600906B62 /* RouterProtocol.swift in Sources */,
				9734ADED2679D3C7006BCF52 /* SliderCollectionViewLayout.swift in Sources */,
				4D935D53269C754400906B62 /* TrainingPresenter.swift in Sources */,
				4D935EE326A976DB00906B62 /* WordDTO.swift in Sources */,
				9714212D2696DCB400467C83 /* SettingsTableViewCell.swift in Sources */,
				970BBC8926903487008EFDEB /* TrainingViewController.swift in Sources */,
				4DEEC61C268751940017D77B /* CoreDataStack.swift in Sources */,
				4DEEC5712685F41B0017D77B /* NetworkService.swift in Sources */,
				4D935DEC269EC6DA00906B62 /* StartRouter.swift in Sources */,
				4D935DFD26A00CC600906B62 /* MenuRouter.swift in Sources */,
				9734ADD12679D16F006BCF52 /* AppDelegate.swift in Sources */,
				4D935D60269C76FE00906B62 /* SettingsPresenter.swift in Sources */,
			);
			runOnlyForDeploymentPostprocessing = 0;
		};
/* End PBXSourcesBuildPhase section */

/* Begin PBXTargetDependency section */
		4D935E4D26A219BB00906B62 /* PBXTargetDependency */ = {
			isa = PBXTargetDependency;
			target = 9734ADCC2679D16F006BCF52 /* LearnEnglish */;
			targetProxy = 4D935E4C26A219BB00906B62 /* PBXContainerItemProxy */;
		};
		4D935E7526A56EEA00906B62 /* PBXTargetDependency */ = {
			isa = PBXTargetDependency;
			target = 9734ADCC2679D16F006BCF52 /* LearnEnglish */;
			targetProxy = 4D935E7426A56EEA00906B62 /* PBXContainerItemProxy */;
		};
		4D935EF626AC76E800906B62 /* PBXTargetDependency */ = {
			isa = PBXTargetDependency;
			target = 9734ADCC2679D16F006BCF52 /* LearnEnglish */;
			targetProxy = 4D935EF526AC76E800906B62 /* PBXContainerItemProxy */;
		};
/* End PBXTargetDependency section */

/* Begin PBXVariantGroup section */
		9734ADDB2679D170006BCF52 /* LaunchScreen.storyboard */ = {
			isa = PBXVariantGroup;
			children = (
				9734ADDC2679D170006BCF52 /* Base */,
			);
			name = LaunchScreen.storyboard;
			sourceTree = "<group>";
		};
/* End PBXVariantGroup section */

/* Begin XCBuildConfiguration section */
		4D935E4E26A219BB00906B62 /* Debug */ = {
			isa = XCBuildConfiguration;
			buildSettings = {
				CLANG_ENABLE_MODULES = YES;
				CODE_SIGN_STYLE = Automatic;
				DEVELOPMENT_TEAM = "";
				INFOPLIST_FILE = LearnEnglishTests/Info.plist;
				IPHONEOS_DEPLOYMENT_TARGET = 13.0;
				LD_RUNPATH_SEARCH_PATHS = (
					"$(inherited)",
					"@executable_path/Frameworks",
					"@loader_path/Frameworks",
				);
				PRODUCT_BUNDLE_IDENTIFIER = kosgrey.LearnEnglishTests;
				PRODUCT_NAME = "$(TARGET_NAME)";
				SWIFT_OPTIMIZATION_LEVEL = "-Onone";
				SWIFT_VERSION = 5.0;
				TARGETED_DEVICE_FAMILY = "1,2";
			};
			name = Debug;
		};
		4D935E4F26A219BB00906B62 /* Release */ = {
			isa = XCBuildConfiguration;
			buildSettings = {
				CLANG_ENABLE_MODULES = YES;
				CODE_SIGN_STYLE = Automatic;
				DEVELOPMENT_TEAM = "";
				INFOPLIST_FILE = LearnEnglishTests/Info.plist;
				IPHONEOS_DEPLOYMENT_TARGET = 13.0;
				LD_RUNPATH_SEARCH_PATHS = (
					"$(inherited)",
					"@executable_path/Frameworks",
					"@loader_path/Frameworks",
				);
				PRODUCT_BUNDLE_IDENTIFIER = kosgrey.LearnEnglishTests;
				PRODUCT_NAME = "$(TARGET_NAME)";
				SWIFT_VERSION = 5.0;
				TARGETED_DEVICE_FAMILY = "1,2";
			};
			name = Release;
		};
		4D935E7726A56EEB00906B62 /* Debug */ = {
			isa = XCBuildConfiguration;
			buildSettings = {
				CODE_SIGN_STYLE = Automatic;
				DEVELOPMENT_TEAM = 58F4X29Z9Z;
				INFOPLIST_FILE = LearnEnglishUITests/Info.plist;
				IPHONEOS_DEPLOYMENT_TARGET = 13.0;
				LD_RUNPATH_SEARCH_PATHS = (
					"$(inherited)",
					"@executable_path/Frameworks",
					"@loader_path/Frameworks",
				);
				PRODUCT_BUNDLE_IDENTIFIER = kosgrey.LearnEnglishUITests;
				PRODUCT_NAME = "$(TARGET_NAME)";
				SWIFT_VERSION = 5.0;
				TARGETED_DEVICE_FAMILY = "1,2";
				TEST_TARGET_NAME = LearnEnglish;
			};
			name = Debug;
		};
		4D935E7826A56EEB00906B62 /* Release */ = {
			isa = XCBuildConfiguration;
			buildSettings = {
				CODE_SIGN_STYLE = Automatic;
				DEVELOPMENT_TEAM = 58F4X29Z9Z;
				INFOPLIST_FILE = LearnEnglishUITests/Info.plist;
				IPHONEOS_DEPLOYMENT_TARGET = 13.0;
				LD_RUNPATH_SEARCH_PATHS = (
					"$(inherited)",
					"@executable_path/Frameworks",
					"@loader_path/Frameworks",
				);
				PRODUCT_BUNDLE_IDENTIFIER = kosgrey.LearnEnglishUITests;
				PRODUCT_NAME = "$(TARGET_NAME)";
				SWIFT_VERSION = 5.0;
				TARGETED_DEVICE_FAMILY = "1,2";
				TEST_TARGET_NAME = LearnEnglish;
			};
			name = Release;
		};
		4D935EF826AC76E800906B62 /* Debug */ = {
			isa = XCBuildConfiguration;
			buildSettings = {
				BUNDLE_LOADER = "$(TEST_HOST)";
				CODE_SIGN_STYLE = Automatic;
				DEVELOPMENT_TEAM = 58F4X29Z9Z;
				INFOPLIST_FILE = LearnEnglishSnapshotTests/Info.plist;
				IPHONEOS_DEPLOYMENT_TARGET = 13.0;
				LD_RUNPATH_SEARCH_PATHS = (
					"$(inherited)",
					"@executable_path/Frameworks",
					"@loader_path/Frameworks",
				);
				PRODUCT_BUNDLE_IDENTIFIER = kosgrey.LearnEnglishSnapshotTests;
				PRODUCT_NAME = "$(TARGET_NAME)";
				SWIFT_VERSION = 5.0;
				TARGETED_DEVICE_FAMILY = "1,2";
				TEST_HOST = "$(BUILT_PRODUCTS_DIR)/LearnEnglish.app/LearnEnglish";
			};
			name = Debug;
		};
		4D935EF926AC76E800906B62 /* Release */ = {
			isa = XCBuildConfiguration;
			buildSettings = {
				BUNDLE_LOADER = "$(TEST_HOST)";
				CODE_SIGN_STYLE = Automatic;
				DEVELOPMENT_TEAM = 58F4X29Z9Z;
				INFOPLIST_FILE = LearnEnglishSnapshotTests/Info.plist;
				IPHONEOS_DEPLOYMENT_TARGET = 13.0;
				LD_RUNPATH_SEARCH_PATHS = (
					"$(inherited)",
					"@executable_path/Frameworks",
					"@loader_path/Frameworks",
				);
				PRODUCT_BUNDLE_IDENTIFIER = kosgrey.LearnEnglishSnapshotTests;
				PRODUCT_NAME = "$(TARGET_NAME)";
				SWIFT_VERSION = 5.0;
				TARGETED_DEVICE_FAMILY = "1,2";
				TEST_HOST = "$(BUILT_PRODUCTS_DIR)/LearnEnglish.app/LearnEnglish";
			};
			name = Release;
		};
		9734ADDF2679D170006BCF52 /* Debug */ = {
			isa = XCBuildConfiguration;
			buildSettings = {
				ALWAYS_SEARCH_USER_PATHS = NO;
				CLANG_ANALYZER_NONNULL = YES;
				CLANG_ANALYZER_NUMBER_OBJECT_CONVERSION = YES_AGGRESSIVE;
				CLANG_CXX_LANGUAGE_STANDARD = "gnu++14";
				CLANG_CXX_LIBRARY = "libc++";
				CLANG_ENABLE_MODULES = YES;
				CLANG_ENABLE_OBJC_ARC = YES;
				CLANG_ENABLE_OBJC_WEAK = YES;
				CLANG_WARN_BLOCK_CAPTURE_AUTORELEASING = YES;
				CLANG_WARN_BOOL_CONVERSION = YES;
				CLANG_WARN_COMMA = YES;
				CLANG_WARN_CONSTANT_CONVERSION = YES;
				CLANG_WARN_DEPRECATED_OBJC_IMPLEMENTATIONS = YES;
				CLANG_WARN_DIRECT_OBJC_ISA_USAGE = YES_ERROR;
				CLANG_WARN_DOCUMENTATION_COMMENTS = YES;
				CLANG_WARN_EMPTY_BODY = YES;
				CLANG_WARN_ENUM_CONVERSION = YES;
				CLANG_WARN_INFINITE_RECURSION = YES;
				CLANG_WARN_INT_CONVERSION = YES;
				CLANG_WARN_NON_LITERAL_NULL_CONVERSION = YES;
				CLANG_WARN_OBJC_IMPLICIT_RETAIN_SELF = YES;
				CLANG_WARN_OBJC_LITERAL_CONVERSION = YES;
				CLANG_WARN_OBJC_ROOT_CLASS = YES_ERROR;
				CLANG_WARN_QUOTED_INCLUDE_IN_FRAMEWORK_HEADER = YES;
				CLANG_WARN_RANGE_LOOP_ANALYSIS = YES;
				CLANG_WARN_STRICT_PROTOTYPES = YES;
				CLANG_WARN_SUSPICIOUS_MOVE = YES;
				CLANG_WARN_UNGUARDED_AVAILABILITY = YES_AGGRESSIVE;
				CLANG_WARN_UNREACHABLE_CODE = YES;
				CLANG_WARN__DUPLICATE_METHOD_MATCH = YES;
				COPY_PHASE_STRIP = NO;
				DEBUG_INFORMATION_FORMAT = dwarf;
				ENABLE_STRICT_OBJC_MSGSEND = YES;
				ENABLE_TESTABILITY = YES;
				GCC_C_LANGUAGE_STANDARD = gnu11;
				GCC_DYNAMIC_NO_PIC = NO;
				GCC_NO_COMMON_BLOCKS = YES;
				GCC_OPTIMIZATION_LEVEL = 0;
				GCC_PREPROCESSOR_DEFINITIONS = (
					"DEBUG=1",
					"$(inherited)",
				);
				GCC_WARN_64_TO_32_BIT_CONVERSION = YES;
				GCC_WARN_ABOUT_RETURN_TYPE = YES_ERROR;
				GCC_WARN_UNDECLARED_SELECTOR = YES;
				GCC_WARN_UNINITIALIZED_AUTOS = YES_AGGRESSIVE;
				GCC_WARN_UNUSED_FUNCTION = YES;
				GCC_WARN_UNUSED_VARIABLE = YES;
				IPHONEOS_DEPLOYMENT_TARGET = 13.0;
				MTL_ENABLE_DEBUG_INFO = INCLUDE_SOURCE;
				MTL_FAST_MATH = YES;
				ONLY_ACTIVE_ARCH = YES;
				SDKROOT = iphoneos;
				SWIFT_ACTIVE_COMPILATION_CONDITIONS = DEBUG;
				SWIFT_OPTIMIZATION_LEVEL = "-Onone";
			};
			name = Debug;
		};
		9734ADE02679D170006BCF52 /* Release */ = {
			isa = XCBuildConfiguration;
			buildSettings = {
				ALWAYS_SEARCH_USER_PATHS = NO;
				CLANG_ANALYZER_NONNULL = YES;
				CLANG_ANALYZER_NUMBER_OBJECT_CONVERSION = YES_AGGRESSIVE;
				CLANG_CXX_LANGUAGE_STANDARD = "gnu++14";
				CLANG_CXX_LIBRARY = "libc++";
				CLANG_ENABLE_MODULES = YES;
				CLANG_ENABLE_OBJC_ARC = YES;
				CLANG_ENABLE_OBJC_WEAK = YES;
				CLANG_WARN_BLOCK_CAPTURE_AUTORELEASING = YES;
				CLANG_WARN_BOOL_CONVERSION = YES;
				CLANG_WARN_COMMA = YES;
				CLANG_WARN_CONSTANT_CONVERSION = YES;
				CLANG_WARN_DEPRECATED_OBJC_IMPLEMENTATIONS = YES;
				CLANG_WARN_DIRECT_OBJC_ISA_USAGE = YES_ERROR;
				CLANG_WARN_DOCUMENTATION_COMMENTS = YES;
				CLANG_WARN_EMPTY_BODY = YES;
				CLANG_WARN_ENUM_CONVERSION = YES;
				CLANG_WARN_INFINITE_RECURSION = YES;
				CLANG_WARN_INT_CONVERSION = YES;
				CLANG_WARN_NON_LITERAL_NULL_CONVERSION = YES;
				CLANG_WARN_OBJC_IMPLICIT_RETAIN_SELF = YES;
				CLANG_WARN_OBJC_LITERAL_CONVERSION = YES;
				CLANG_WARN_OBJC_ROOT_CLASS = YES_ERROR;
				CLANG_WARN_QUOTED_INCLUDE_IN_FRAMEWORK_HEADER = YES;
				CLANG_WARN_RANGE_LOOP_ANALYSIS = YES;
				CLANG_WARN_STRICT_PROTOTYPES = YES;
				CLANG_WARN_SUSPICIOUS_MOVE = YES;
				CLANG_WARN_UNGUARDED_AVAILABILITY = YES_AGGRESSIVE;
				CLANG_WARN_UNREACHABLE_CODE = YES;
				CLANG_WARN__DUPLICATE_METHOD_MATCH = YES;
				COPY_PHASE_STRIP = NO;
				DEBUG_INFORMATION_FORMAT = "dwarf-with-dsym";
				ENABLE_NS_ASSERTIONS = NO;
				ENABLE_STRICT_OBJC_MSGSEND = YES;
				GCC_C_LANGUAGE_STANDARD = gnu11;
				GCC_NO_COMMON_BLOCKS = YES;
				GCC_WARN_64_TO_32_BIT_CONVERSION = YES;
				GCC_WARN_ABOUT_RETURN_TYPE = YES_ERROR;
				GCC_WARN_UNDECLARED_SELECTOR = YES;
				GCC_WARN_UNINITIALIZED_AUTOS = YES_AGGRESSIVE;
				GCC_WARN_UNUSED_FUNCTION = YES;
				GCC_WARN_UNUSED_VARIABLE = YES;
				IPHONEOS_DEPLOYMENT_TARGET = 13.0;
				MTL_ENABLE_DEBUG_INFO = NO;
				MTL_FAST_MATH = YES;
				SDKROOT = iphoneos;
				SWIFT_COMPILATION_MODE = wholemodule;
				SWIFT_OPTIMIZATION_LEVEL = "-O";
				VALIDATE_PRODUCT = YES;
			};
			name = Release;
		};
		9734ADE22679D170006BCF52 /* Debug */ = {
			isa = XCBuildConfiguration;
			buildSettings = {
				ASSETCATALOG_COMPILER_APPICON_NAME = AppIcon;
				ASSETCATALOG_COMPILER_GLOBAL_ACCENT_COLOR_NAME = AccentColor;
				CODE_SIGN_STYLE = Automatic;
				DEVELOPMENT_TEAM = 58F4X29Z9Z;
				INFOPLIST_FILE = LearnEnglish/Info.plist;
				LD_RUNPATH_SEARCH_PATHS = (
					"$(inherited)",
					"@executable_path/Frameworks",
				);
				PRODUCT_BUNDLE_IDENTIFIER = Patterns.LearnEnglish.Mark;
				PRODUCT_NAME = "$(TARGET_NAME)";
				SWIFT_VERSION = 5.0;
				TARGETED_DEVICE_FAMILY = "1,2";
			};
			name = Debug;
		};
		9734ADE32679D170006BCF52 /* Release */ = {
			isa = XCBuildConfiguration;
			buildSettings = {
				ASSETCATALOG_COMPILER_APPICON_NAME = AppIcon;
				ASSETCATALOG_COMPILER_GLOBAL_ACCENT_COLOR_NAME = AccentColor;
				CODE_SIGN_STYLE = Automatic;
				DEVELOPMENT_TEAM = 58F4X29Z9Z;
				INFOPLIST_FILE = LearnEnglish/Info.plist;
				LD_RUNPATH_SEARCH_PATHS = (
					"$(inherited)",
					"@executable_path/Frameworks",
				);
				PRODUCT_BUNDLE_IDENTIFIER = Patterns.LearnEnglish.Mark;
				PRODUCT_NAME = "$(TARGET_NAME)";
				SWIFT_VERSION = 5.0;
				TARGETED_DEVICE_FAMILY = "1,2";
			};
			name = Release;
		};
/* End XCBuildConfiguration section */

/* Begin XCConfigurationList section */
		4D935E5026A219BB00906B62 /* Build configuration list for PBXNativeTarget "LearnEnglishTests" */ = {
			isa = XCConfigurationList;
			buildConfigurations = (
				4D935E4E26A219BB00906B62 /* Debug */,
				4D935E4F26A219BB00906B62 /* Release */,
			);
			defaultConfigurationIsVisible = 0;
			defaultConfigurationName = Release;
		};
		4D935E7626A56EEB00906B62 /* Build configuration list for PBXNativeTarget "LearnEnglishUITests" */ = {
			isa = XCConfigurationList;
			buildConfigurations = (
				4D935E7726A56EEB00906B62 /* Debug */,
				4D935E7826A56EEB00906B62 /* Release */,
			);
			defaultConfigurationIsVisible = 0;
			defaultConfigurationName = Release;
		};
		4D935EF726AC76E800906B62 /* Build configuration list for PBXNativeTarget "LearnEnglishSnapshotTests" */ = {
			isa = XCConfigurationList;
			buildConfigurations = (
				4D935EF826AC76E800906B62 /* Debug */,
				4D935EF926AC76E800906B62 /* Release */,
			);
			defaultConfigurationIsVisible = 0;
			defaultConfigurationName = Release;
		};
		9734ADC82679D16F006BCF52 /* Build configuration list for PBXProject "LearnEnglish" */ = {
			isa = XCConfigurationList;
			buildConfigurations = (
				9734ADDF2679D170006BCF52 /* Debug */,
				9734ADE02679D170006BCF52 /* Release */,
			);
			defaultConfigurationIsVisible = 0;
			defaultConfigurationName = Release;
		};
		9734ADE12679D170006BCF52 /* Build configuration list for PBXNativeTarget "LearnEnglish" */ = {
			isa = XCConfigurationList;
			buildConfigurations = (
				9734ADE22679D170006BCF52 /* Debug */,
				9734ADE32679D170006BCF52 /* Release */,
			);
			defaultConfigurationIsVisible = 0;
			defaultConfigurationName = Release;
		};
/* End XCConfigurationList section */

/* Begin XCRemoteSwiftPackageReference section */
		4D935F2D26ACB93B00906B62 /* XCRemoteSwiftPackageReference "swift-snapshot-testing" */ = {
			isa = XCRemoteSwiftPackageReference;
			repositoryURL = "https://github.com/pointfreeco/swift-snapshot-testing.git";
			requirement = {
				kind = upToNextMajorVersion;
				minimumVersion = 1.9.0;
			};
		};
/* End XCRemoteSwiftPackageReference section */

/* Begin XCSwiftPackageProductDependency section */
		4D935F2E26ACB93B00906B62 /* SnapshotTesting */ = {
			isa = XCSwiftPackageProductDependency;
			package = 4D935F2D26ACB93B00906B62 /* XCRemoteSwiftPackageReference "swift-snapshot-testing" */;
			productName = SnapshotTesting;
		};
/* End XCSwiftPackageProductDependency section */

/* Begin XCVersionGroup section */
		4DEEC610268742DC0017D77B /* Lessons.xcdatamodeld */ = {
			isa = XCVersionGroup;
			children = (
				4DEEC611268742DC0017D77B /* Lessons.xcdatamodel */,
			);
			currentVersion = 4DEEC611268742DC0017D77B /* Lessons.xcdatamodel */;
			path = Lessons.xcdatamodeld;
			sourceTree = "<group>";
			versionGroupType = wrapper.xcdatamodel;
		};
/* End XCVersionGroup section */
	};
	rootObject = 9734ADC52679D16F006BCF52 /* Project object */;
}
